
Microsoft Visual Studio Solution File, Format Version 12.00
# Visual Studio Version 17
VisualStudioVersion = 17.0.31919.166
MinimumVisualStudioVersion = 10.0.40219.1
Project("{9A19103F-16F7-4668-BE54-9A1E7A4F7556}") = "F360", "F360\F360.csproj", "{286015C5-693E-498C-9EDB-AC2C6B2FD2DC}"
EndProject
Global
	GlobalSection(SolutionConfigurationPlatforms) = preSolution
		Debug|Any CPU = Debug|Any CPU
		Release|Any CPU = Release|Any CPU
	EndGlobalSection
	GlobalSection(ProjectConfigurationPlatforms) = postSolution
		{286015C5-693E-498C-9EDB-AC2C6B2FD2DC}.Debug|Any CPU.ActiveCfg = Debug|Any CPU
		{286015C5-693E-498C-9EDB-AC2C6B2FD2DC}.Debug|Any CPU.Build.0 = Debug|Any CPU
		{286015C5-693E-498C-9EDB-AC2C6B2FD2DC}.Release|Any CPU.ActiveCfg = Release|Any CPU
		{286015C5-693E-498C-9EDB-AC2C6B2FD2DC}.Release|Any CPU.Build.0 = Release|Any CPU
	EndGlobalSection
	GlobalSection(SolutionProperties) = preSolution
		HideSolutionNode = FALSE
	EndGlobalSection
	GlobalSection(ExtensibilityGlobals) = postSolution
		SolutionGuid = {E37ABF24-71F8-4688-B859-274114D6656F}
	EndGlobalSection
EndGlobal
